
Microsoft Visual Studio Solution File, Format Version 12.00
# Visual Studio 15
VisualStudioVersion = 15.0.28306.52
MinimumVisualStudioVersion = 10.0.40219.1
Project("{FAE04EC0-301F-11D3-BF4B-00C04F79EFBC}") = "PotentieleUitwerkingOefenreeks1", "PotentieleUitwerkingOefenreeks1\PotentieleUitwerkingOefenreeks1.csproj", "{4D156C00-08F1-47B5-A616-544813392B55}"
EndProject
Global
	GlobalSection(SolutionConfigurationPlatforms) = preSolution
		Debug|Any CPU = Debug|Any CPU
		Release|Any CPU = Release|Any CPU
	EndGlobalSection
	GlobalSection(ProjectConfigurationPlatforms) = postSolution
		{4D156C00-08F1-47B5-A616-544813392B55}.Debug|Any CPU.ActiveCfg = Debug|Any CPU
		{4D156C00-08F1-47B5-A616-544813392B55}.Debug|Any CPU.Build.0 = Debug|Any CPU
		{4D156C00-08F1-47B5-A616-544813392B55}.Release|Any CPU.ActiveCfg = Release|Any CPU
		{4D156C00-08F1-47B5-A616-544813392B55}.Release|Any CPU.Build.0 = Release|Any CPU
	EndGlobalSection
	GlobalSection(SolutionProperties) = preSolution
		HideSolutionNode = FALSE
	EndGlobalSection
	GlobalSection(ExtensibilityGlobals) = postSolution
		SolutionGuid = {CAB3909B-DB49-41AF-84B2-0F6DB7B8159E}
	EndGlobalSection
EndGlobal
